// !$*UTF8*$!
{
	archiveVersion = 1;
	classes = {
	};
	objectVersion = 46;
	objects = {

/* Begin PBXBuildFile section */
		B8599B101B2B1C8200CDB2C1 /* AppDelegate.swift in Sources */ = {isa = PBXBuildFile; fileRef = B8599B0F1B2B1C8200CDB2C1 /* AppDelegate.swift */; };
		B8599B131B2B1C8200CDB2C1 /* CoreDataCustumerObject.xcdatamodeld in Sources */ = {isa = PBXBuildFile; fileRef = B8599B111B2B1C8200CDB2C1 /* CoreDataCustumerObject.xcdatamodeld */; };
		B8599B151B2B1C8200CDB2C1 /* ViewController.swift in Sources */ = {isa = PBXBuildFile; fileRef = B8599B141B2B1C8200CDB2C1 /* ViewController.swift */; };
		B8599B181B2B1C8200CDB2C1 /* Main.storyboard in Resources */ = {isa = PBXBuildFile; fileRef = B8599B161B2B1C8200CDB2C1 /* Main.storyboard */; };
		B8599B1A1B2B1C8200CDB2C1 /* Images.xcassets in Resources */ = {isa = PBXBuildFile; fileRef = B8599B191B2B1C8200CDB2C1 /* Images.xcassets */; };
		B8599B1D1B2B1C8200CDB2C1 /* LaunchScreen.xib in Resources */ = {isa = PBXBuildFile; fileRef = B8599B1B1B2B1C8200CDB2C1 /* LaunchScreen.xib */; };
		B8599B291B2B1C8200CDB2C1 /* CoreDataCustumerObjectTests.swift in Sources */ = {isa = PBXBuildFile; fileRef = B8599B281B2B1C8200CDB2C1 /* CoreDataCustumerObjectTests.swift */; };
/* End PBXBuildFile section */

/* Begin PBXContainerItemProxy section */
		B8599B231B2B1C8200CDB2C1 /* PBXContainerItemProxy */ = {
			isa = PBXContainerItemProxy;
			containerPortal = B8599B021B2B1C8200CDB2C1 /* Project object */;
			proxyType = 1;
			remoteGlobalIDString = B8599B091B2B1C8200CDB2C1;
			remoteInfo = CoreDataCustumerObject;
		};
/* End PBXContainerItemProxy section */

/* Begin PBXFileReference section */
		B8599B0A1B2B1C8200CDB2C1 /* CoreDataCustumerObject.app */ = {isa = PBXFileReference; explicitFileType = wrapper.application; includeInIndex = 0; path = CoreDataCustumerObject.app; sourceTree = BUILT_PRODUCTS_DIR; };
		B8599B0E1B2B1C8200CDB2C1 /* Info.plist */ = {isa = PBXFileReference; lastKnownFileType = text.plist.xml; path = Info.plist; sourceTree = "<group>"; };
		B8599B0F1B2B1C8200CDB2C1 /* AppDelegate.swift */ = {isa = PBXFileReference; lastKnownFileType = sourcecode.swift; path = AppDelegate.swift; sourceTree = "<group>"; };
		B8599B121B2B1C8200CDB2C1 /* CoreDataCustumerObject.xcdatamodel */ = {isa = PBXFileReference; lastKnownFileType = wrapper.xcdatamodel; path = CoreDataCustumerObject.xcdatamodel; sourceTree = "<group>"; };
		B8599B141B2B1C8200CDB2C1 /* ViewController.swift */ = {isa = PBXFileReference; lastKnownFileType = sourcecode.swift; path = ViewController.swift; sourceTree = "<group>"; };
		B8599B171B2B1C8200CDB2C1 /* Base */ = {isa = PBXFileReference; lastKnownFileType = file.storyboard; name = Base; path = Base.lproj/Main.storyboard; sourceTree = "<group>"; };
		B8599B191B2B1C8200CDB2C1 /* Images.xcassets */ = {isa = PBXFileReference; lastKnownFileType = folder.assetcatalog; path = Images.xcassets; sourceTree = "<group>"; };
		B8599B1C1B2B1C8200CDB2C1 /* Base */ = {isa = PBXFileReference; lastKnownFileType = file.xib; name = Base; path = Base.lproj/LaunchScreen.xib; sourceTree = "<group>"; };
		B8599B221B2B1C8200CDB2C1 /* CoreDataCustumerObjectTests.xctest */ = {isa = PBXFileReference; explicitFileType = wrapper.cfbundle; includeInIndex = 0; path = CoreDataCustumerObjectTests.xctest; sourceTree = BUILT_PRODUCTS_DIR; };
		B8599B271B2B1C8200CDB2C1 /* Info.plist */ = {isa = PBXFileReference; lastKnownFileType = text.plist.xml; path = Info.plist; sourceTree = "<group>"; };
		B8599B281B2B1C8200CDB2C1 /* CoreDataCustumerObjectTests.swift */ = {isa = PBXFileReference; lastKnownFileType = sourcecode.swift; path = CoreDataCustumerObjectTests.swift; sourceTree = "<group>"; };
/* End PBXFileReference section */

/* Begin PBXFrameworksBuildPhase section */
		B8599B071B2B1C8200CDB2C1 /* Frameworks */ = {
			isa = PBXFrameworksBuildPhase;
			buildActionMask = 2147483647;
			files = (
			);
			runOnlyForDeploymentPostprocessing = 0;
		};
		B8599B1F1B2B1C8200CDB2C1 /* Frameworks */ = {
			isa = PBXFrameworksBuildPhase;
			buildActionMask = 2147483647;
			files = (
			);
			runOnlyForDeploymentPostprocessing = 0;
		};
/* End PBXFrameworksBuildPhase section */

/* Begin PBXGroup section */
		B8599B011B2B1C8200CDB2C1 = {
			isa = PBXGroup;
			children = (
				B8599B0C1B2B1C8200CDB2C1 /* CoreDataCustumerObject */,
				B8599B251B2B1C8200CDB2C1 /* CoreDataCustumerObjectTests */,
				B8599B0B1B2B1C8200CDB2C1 /* Products */,
			);
			sourceTree = "<group>";
		};
		B8599B0B1B2B1C8200CDB2C1 /* Products */ = {
			isa = PBXGroup;
			children = (
				B8599B0A1B2B1C8200CDB2C1 /* CoreDataCustumerObject.app */,
				B8599B221B2B1C8200CDB2C1 /* CoreDataCustumerObjectTests.xctest */,
			);
			name = Products;
			sourceTree = "<group>";
		};
		B8599B0C1B2B1C8200CDB2C1 /* CoreDataCustumerObject */ = {
			isa = PBXGroup;
			children = (
				B8599B0F1B2B1C8200CDB2C1 /* AppDelegate.swift */,
				B8599B141B2B1C8200CDB2C1 /* ViewController.swift */,
				B8599B161B2B1C8200CDB2C1 /* Main.storyboard */,
				B8599B191B2B1C8200CDB2C1 /* Images.xcassets */,
				B8599B1B1B2B1C8200CDB2C1 /* LaunchScreen.xib */,
				B8599B111B2B1C8200CDB2C1 /* CoreDataCustumerObject.xcdatamodeld */,
				B8599B0D1B2B1C8200CDB2C1 /* Supporting Files */,
			);
			path = CoreDataCustumerObject;
			sourceTree = "<group>";
		};
		B8599B0D1B2B1C8200CDB2C1 /* Supporting Files */ = {
			isa = PBXGroup;
			children = (
				B8599B0E1B2B1C8200CDB2C1 /* Info.plist */,
			);
			name = "Supporting Files";
			sourceTree = "<group>";
		};
		B8599B251B2B1C8200CDB2C1 /* CoreDataCustumerObjectTests */ = {
			isa = PBXGroup;
			children = (
				B8599B281B2B1C8200CDB2C1 /* CoreDataCustumerObjectTests.swift */,
				B8599B261B2B1C8200CDB2C1 /* Supporting Files */,
			);
			path = CoreDataCustumerObjectTests;
			sourceTree = "<group>";
		};
		B8599B261B2B1C8200CDB2C1 /* Supporting Files */ = {
			isa = PBXGroup;
			children = (
				B8599B271B2B1C8200CDB2C1 /* Info.plist */,
			);
			name = "Supporting Files";
			sourceTree = "<group>";
		};
/* End PBXGroup section */

/* Begin PBXNativeTarget section */
		B8599B091B2B1C8200CDB2C1 /* CoreDataCustumerObject */ = {
			isa = PBXNativeTarget;
			buildConfigurationList = B8599B2C1B2B1C8200CDB2C1 /* Build configuration list for PBXNativeTarget "CoreDataCustumerObject" */;
			buildPhases = (
				B8599B061B2B1C8200CDB2C1 /* Sources */,
				B8599B071B2B1C8200CDB2C1 /* Frameworks */,
				B8599B081B2B1C8200CDB2C1 /* Resources */,
			);
			buildRules = (
			);
			dependencies = (
			);
			name = CoreDataCustumerObject;
			productName = CoreDataCustumerObject;
			productReference = B8599B0A1B2B1C8200CDB2C1 /* CoreDataCustumerObject.app */;
			productType = "com.apple.product-type.application";
		};
		B8599B211B2B1C8200CDB2C1 /* CoreDataCustumerObjectTests */ = {
			isa = PBXNativeTarget;
			buildConfigurationList = B8599B2F1B2B1C8200CDB2C1 /* Build configuration list for PBXNativeTarget "CoreDataCustumerObjectTests" */;
			buildPhases = (
				B8599B1E1B2B1C8200CDB2C1 /* Sources */,
				B8599B1F1B2B1C8200CDB2C1 /* Frameworks */,
				B8599B201B2B1C8200CDB2C1 /* Resources */,
			);
			buildRules = (
			);
			dependencies = (
				B8599B241B2B1C8200CDB2C1 /* PBXTargetDependency */,
			);
			name = CoreDataCustumerObjectTests;
			productName = CoreDataCustumerObjectTests;
			productReference = B8599B221B2B1C8200CDB2C1 /* CoreDataCustumerObjectTests.xctest */;
			productType = "com.apple.product-type.bundle.unit-test";
		};
/* End PBXNativeTarget section */

/* Begin PBXProject section */
		B8599B021B2B1C8200CDB2C1 /* Project object */ = {
			isa = PBXProject;
			attributes = {
				LastUpgradeCheck = 0630;
				ORGANIZATIONNAME = proyectosCetina;
				TargetAttributes = {
					B8599B091B2B1C8200CDB2C1 = {
						CreatedOnToolsVersion = 6.3.2;
					};
					B8599B211B2B1C8200CDB2C1 = {
						CreatedOnToolsVersion = 6.3.2;
						TestTargetID = B8599B091B2B1C8200CDB2C1;
					};
				};
			};
			buildConfigurationList = B8599B051B2B1C8200CDB2C1 /* Build configuration list for PBXProject "CoreDataCustumerObject" */;
			compatibilityVersion = "Xcode 3.2";
			developmentRegion = English;
			hasScannedForEncodings = 0;
			knownRegions = (
				en,
				Base,
			);
			mainGroup = B8599B011B2B1C8200CDB2C1;
			productRefGroup = B8599B0B1B2B1C8200CDB2C1 /* Products */;
			projectDirPath = "";
			projectRoot = "";
			targets = (
				B8599B091B2B1C8200CDB2C1 /* CoreDataCustumerObject */,
				B8599B211B2B1C8200CDB2C1 /* CoreDataCustumerObjectTests */,
			);
		};
/* End PBXProject section */

/* Begin PBXResourcesBuildPhase section */
		B8599B081B2B1C8200CDB2C1 /* Resources */ = {
			isa = PBXResourcesBuildPhase;
			buildActionMask = 2147483647;
			files = (
				B8599B181B2B1C8200CDB2C1 /* Main.storyboard in Resources */,
				B8599B1D1B2B1C8200CDB2C1 /* LaunchScreen.xib in Resources */,
				B8599B1A1B2B1C8200CDB2C1 /* Images.xcassets in Resources */,
			);
			runOnlyForDeploymentPostprocessing = 0;
		};
		B8599B201B2B1C8200CDB2C1 /* Resources */ = {
			isa = PBXResourcesBuildPhase;
			buildActionMask = 2147483647;
			files = (
			);
			runOnlyForDeploymentPostprocessing = 0;
		};
/* End PBXResourcesBuildPhase section */

/* Begin PBXSourcesBuildPhase section */
		B8599B061B2B1C8200CDB2C1 /* Sources */ = {
			isa = PBXSourcesBuildPhase;
			buildActionMask = 2147483647;
			files = (
				B8599B151B2B1C8200CDB2C1 /* ViewController.swift in Sources */,
				B8599B101B2B1C8200CDB2C1 /* AppDelegate.swift in Sources */,
				B8599B131B2B1C8200CDB2C1 /* CoreDataCustumerObject.xcdatamodeld in Sources */,
			);
			runOnlyForDeploymentPostprocessing = 0;
		};
		B8599B1E1B2B1C8200CDB2C1 /* Sources */ = {
			isa = PBXSourcesBuildPhase;
			buildActionMask = 2147483647;
			files = (
				B8599B291B2B1C8200CDB2C1 /* CoreDataCustumerObjectTests.swift in Sources */,
			);
			runOnlyForDeploymentPostprocessing = 0;
		};
/* End PBXSourcesBuildPhase section */

/* Begin PBXTargetDependency section */
		B8599B241B2B1C8200CDB2C1 /* PBXTargetDependency */ = {
			isa = PBXTargetDependency;
			target = B8599B091B2B1C8200CDB2C1 /* CoreDataCustumerObject */;
			targetProxy = B8599B231B2B1C8200CDB2C1 /* PBXContainerItemProxy */;
		};
/* End PBXTargetDependency section */

/* Begin PBXVariantGroup section */
		B8599B161B2B1C8200CDB2C1 /* Main.storyboard */ = {
			isa = PBXVariantGroup;
			children = (
				B8599B171B2B1C8200CDB2C1 /* Base */,
			);
			name = Main.storyboard;
			sourceTree = "<group>";
		};
		B8599B1B1B2B1C8200CDB2C1 /* LaunchScreen.xib */ = {
			isa = PBXVariantGroup;
			children = (
				B8599B1C1B2B1C8200CDB2C1 /* Base */,
			);
			name = LaunchScreen.xib;
			sourceTree = "<group>";
		};
/* End PBXVariantGroup section */

/* Begin XCBuildConfiguration section */
		B8599B2A1B2B1C8200CDB2C1 /* Debug */ = {
			isa = XCBuildConfiguration;
			buildSettings = {
				ALWAYS_SEARCH_USER_PATHS = NO;
				CLANG_CXX_LANGUAGE_STANDARD = "gnu++0x";
				CLANG_CXX_LIBRARY = "libc++";
				CLANG_ENABLE_MODULES = YES;
				CLANG_ENABLE_OBJC_ARC = YES;
				CLANG_WARN_BOOL_CONVERSION = YES;
				CLANG_WARN_CONSTANT_CONVERSION = YES;
				CLANG_WARN_DIRECT_OBJC_ISA_USAGE = YES_ERROR;
				CLANG_WARN_EMPTY_BODY = YES;
				CLANG_WARN_ENUM_CONVERSION = YES;
				CLANG_WARN_INT_CONVERSION = YES;
				CLANG_WARN_OBJC_ROOT_CLASS = YES_ERROR;
				CLANG_WARN_UNREACHABLE_CODE = YES;
				CLANG_WARN__DUPLICATE_METHOD_MATCH = YES;
				"CODE_SIGN_IDENTITY[sdk=iphoneos*]" = "iPhone Developer";
				COPY_PHASE_STRIP = NO;
				DEBUG_INFORMATION_FORMAT = "dwarf-with-dsym";
				ENABLE_STRICT_OBJC_MSGSEND = YES;
				GCC_C_LANGUAGE_STANDARD = gnu99;
				GCC_DYNAMIC_NO_PIC = NO;
				GCC_NO_COMMON_BLOCKS = YES;
				GCC_OPTIMIZATION_LEVEL = 0;
				GCC_PREPROCESSOR_DEFINITIONS = (
					"DEBUG=1",
					"$(inherited)",
				);
				GCC_SYMBOLS_PRIVATE_EXTERN = NO;
				GCC_WARN_64_TO_32_BIT_CONVERSION = YES;
				GCC_WARN_ABOUT_RETURN_TYPE = YES_ERROR;
				GCC_WARN_UNDECLARED_SELECTOR = YES;
				GCC_WARN_UNINITIALIZED_AUTOS = YES_AGGRESSIVE;
				GCC_WARN_UNUSED_FUNCTION = YES;
				GCC_WARN_UNUSED_VARIABLE = YES;
				IPHONEOS_DEPLOYMENT_TARGET = 8.3;
				MTL_ENABLE_DEBUG_INFO = YES;
				ONLY_ACTIVE_ARCH = YES;
				SDKROOT = iphoneos;
				SWIFT_OPTIMIZATION_LEVEL = "-Onone";
			};
			name = Debug;
		};
		B8599B2B1B2B1C8200CDB2C1 /* Release */ = {
			isa = XCBuildConfiguration;
			buildSettings = {
				ALWAYS_SEARCH_USER_PATHS = NO;
				CLANG_CXX_LANGUAGE_STANDARD = "gnu++0x";
				CLANG_CXX_LIBRARY = "libc++";
				CLANG_ENABLE_MODULES = YES;
				CLANG_ENABLE_OBJC_ARC = YES;
				CLANG_WARN_BOOL_CONVERSION = YES;
				CLANG_WARN_CONSTANT_CONVERSION = YES;
				CLANG_WARN_DIRECT_OBJC_ISA_USAGE = YES_ERROR;
				CLANG_WARN_EMPTY_BODY = YES;
				CLANG_WARN_ENUM_CONVERSION = YES;
				CLANG_WARN_INT_CONVERSION = YES;
				CLANG_WARN_OBJC_ROOT_CLASS = YES_ERROR;
				CLANG_WARN_UNREACHABLE_CODE = YES;
				CLANG_WARN__DUPLICATE_METHOD_MATCH = YES;
				"CODE_SIGN_IDENTITY[sdk=iphoneos*]" = "iPhone Developer";
				COPY_PHASE_STRIP = NO;
				DEBUG_INFORMATION_FORMAT = "dwarf-with-dsym";
				ENABLE_NS_ASSERTIONS = NO;
				ENABLE_STRICT_OBJC_MSGSEND = YES;
				GCC_C_LANGUAGE_STANDARD = gnu99;
				GCC_NO_COMMON_BLOCKS = YES;
				GCC_WARN_64_TO_32_BIT_CONVERSION = YES;
				GCC_WARN_ABOUT_RETURN_TYPE = YES_ERROR;
				GCC_WARN_UNDECLARED_SELECTOR = YES;
				GCC_WARN_UNINITIALIZED_AUTOS = YES_AGGRESSIVE;
				GCC_WARN_UNUSED_FUNCTION = YES;
				GCC_WARN_UNUSED_VARIABLE = YES;
				IPHONEOS_DEPLOYMENT_TARGET = 8.3;
				MTL_ENABLE_DEBUG_INFO = NO;
				SDKROOT = iphoneos;
				VALIDATE_PRODUCT = YES;
			};
			name = Release;
		};
		B8599B2D1B2B1C8200CDB2C1 /* Debug */ = {
			isa = XCBuildConfiguration;
			buildSettings = {
				ASSETCATALOG_COMPILER_APPICON_NAME = AppIcon;
				INFOPLIST_FILE = CoreDataCustumerObject/Info.plist;
				LD_RUNPATH_SEARCH_PATHS = "$(inherited) @executable_path/Frameworks";
				PRODUCT_NAME = "$(TARGET_NAME)";
			};
			name = Debug;
		};
		B8599B2E1B2B1C8200CDB2C1 /* Release */ = {
			isa = XCBuildConfiguration;
			buildSettings = {
				ASSETCATALOG_COMPILER_APPICON_NAME = AppIcon;
				INFOPLIST_FILE = CoreDataCustumerObject/Info.plist;
				LD_RUNPATH_SEARCH_PATHS = "$(inherited) @executable_path/Frameworks";
				PRODUCT_NAME = "$(TARGET_NAME)";
			};
			name = Release;
		};
		B8599B301B2B1C8200CDB2C1 /* Debug */ = {
			isa = XCBuildConfiguration;
			buildSettings = {
				BUNDLE_LOADER = "$(TEST_HOST)";
				FRAMEWORK_SEARCH_PATHS = (
					"$(SDKROOT)/Developer/Library/Frameworks",
					"$(inherited)",
				);
				GCC_PREPROCESSOR_DEFINITIONS = (
					"DEBUG=1",
					"$(inherited)",
				);
				INFOPLIST_FILE = CoreDataCustumerObjectTests/Info.plist;
				LD_RUNPATH_SEARCH_PATHS = "$(inherited) @executable_path/Frameworks @loader_path/Frameworks";
				PRODUCT_NAME = "$(TARGET_NAME)";
				TEST_HOST = "$(BUILT_PRODUCTS_DIR)/CoreDataCustumerObject.app/CoreDataCustumerObject";
			};
			name = Debug;
		};
		B8599B311B2B1C8200CDB2C1 /* Release */ = {
			isa = XCBuildConfiguration;
			buildSettings = {
				BUNDLE_LOADER = "$(TEST_HOST)";
				FRAMEWORK_SEARCH_PATHS = (
					"$(SDKROOT)/Developer/Library/Frameworks",
					"$(inherited)",
				);
				INFOPLIST_FILE = CoreDataCustumerObjectTests/Info.plist;
				LD_RUNPATH_SEARCH_PATHS = "$(inherited) @executable_path/Frameworks @loader_path/Frameworks";
				PRODUCT_NAME = "$(TARGET_NAME)";
				TEST_HOST = "$(BUILT_PRODUCTS_DIR)/CoreDataCustumerObject.app/CoreDataCustumerObject";
			};
			name = Release;
		};
/* End XCBuildConfiguration section */

/* Begin XCConfigurationList section */
		B8599B051B2B1C8200CDB2C1 /* Build configuration list for PBXProject "CoreDataCustumerObject" */ = {
			isa = XCConfigurationList;
			buildConfigurations = (
				B8599B2A1B2B1C8200CDB2C1 /* Debug */,
				B8599B2B1B2B1C8200CDB2C1 /* Release */,
			);
			defaultConfigurationIsVisible = 0;
			defaultConfigurationName = Release;
		};
		B8599B2C1B2B1C8200CDB2C1 /* Build configuration list for PBXNativeTarget "CoreDataCustumerObject" */ = {
			isa = XCConfigurationList;
			buildConfigurations = (
				B8599B2D1B2B1C8200CDB2C1 /* Debug */,
				B8599B2E1B2B1C8200CDB2C1 /* Release */,
			);
			defaultConfigurationIsVisible = 0;
		};
		B8599B2F1B2B1C8200CDB2C1 /* Build configuration list for PBXNativeTarget "CoreDataCustumerObjectTests" */ = {
			isa = XCConfigurationList;
			buildConfigurations = (
				B8599B301B2B1C8200CDB2C1 /* Debug */,
				B8599B311B2B1C8200CDB2C1 /* Release */,
			);
			defaultConfigurationIsVisible = 0;
		};
/* End XCConfigurationList section */

/* Begin XCVersionGroup section */
		B8599B111B2B1C8200CDB2C1 /* CoreDataCustumerObject.xcdatamodeld */ = {
			isa = XCVersionGroup;
			children = (
				B8599B121B2B1C8200CDB2C1 /* CoreDataCustumerObject.xcdatamodel */,
			);
			currentVersion = B8599B121B2B1C8200CDB2C1 /* CoreDataCustumerObject.xcdatamodel */;
			path = CoreDataCustumerObject.xcdatamodeld;
			sourceTree = "<group>";
			versionGroupType = wrapper.xcdatamodel;
		};
/* End XCVersionGroup section */
	};
	rootObject = B8599B021B2B1C8200CDB2C1 /* Project object */;
}
